
Microsoft Visual Studio Solution File, Format Version 12.00
# Visual Studio 15
VisualStudioVersion = 15.0.28307.168
MinimumVisualStudioVersion = 10.0.40219.1
Project("{FAE04EC0-301F-11D3-BF4B-00C04F79EFBC}") = "Api", "TyranidsApi\Api.csproj", "{686222AF-1DB5-4F23-A380-AAB93BA28251}"
EndProject
Project("{00D1A9C2-B5F0-4AF3-8072-F6C62B433612}") = "Data", "TyranidsData\Data.sqlproj", "{4DB63F0F-F0D1-4BF9-9DFF-B8D1F12FECFF}"
EndProject
Project("{FAE04EC0-301F-11D3-BF4B-00C04F79EFBC}") = "WpfUI", "TyranidsWpfUI\WpfUI.csproj", "{DC951342-3E75-4135-877E-2685F2999BA4}"
EndProject
Project("{FAE04EC0-301F-11D3-BF4B-00C04F79EFBC}") = "Tests", "TyranidsTest\Tests.csproj", "{71C45497-7CC7-4B04-A8B1-70B589922FDF}"
EndProject
Project("{FAE04EC0-301F-11D3-BF4B-00C04F79EFBC}") = "DataManager", "DataManager\DataManager.csproj", "{8CDB82AE-77FB-437B-B4D6-BAC69E14CA56}"
EndProject
Project("{FAE04EC0-301F-11D3-BF4B-00C04F79EFBC}") = "MvcUi", "MvcUi\MvcUi.csproj", "{FDADD05E-D554-4A2D-BDCE-40BB38D905DA}"
EndProject
Global
	GlobalSection(SolutionConfigurationPlatforms) = preSolution
		Debug|Any CPU = Debug|Any CPU
		Release|Any CPU = Release|Any CPU
	EndGlobalSection
	GlobalSection(ProjectConfigurationPlatforms) = postSolution
		{686222AF-1DB5-4F23-A380-AAB93BA28251}.Debug|Any CPU.ActiveCfg = Debug|Any CPU
		{686222AF-1DB5-4F23-A380-AAB93BA28251}.Debug|Any CPU.Build.0 = Debug|Any CPU
		{686222AF-1DB5-4F23-A380-AAB93BA28251}.Release|Any CPU.ActiveCfg = Release|Any CPU
		{686222AF-1DB5-4F23-A380-AAB93BA28251}.Release|Any CPU.Build.0 = Release|Any CPU
		{4DB63F0F-F0D1-4BF9-9DFF-B8D1F12FECFF}.Debug|Any CPU.ActiveCfg = Debug|Any CPU
		{4DB63F0F-F0D1-4BF9-9DFF-B8D1F12FECFF}.Debug|Any CPU.Build.0 = Debug|Any CPU
		{4DB63F0F-F0D1-4BF9-9DFF-B8D1F12FECFF}.Debug|Any CPU.Deploy.0 = Debug|Any CPU
		{4DB63F0F-F0D1-4BF9-9DFF-B8D1F12FECFF}.Release|Any CPU.ActiveCfg = Release|Any CPU
		{4DB63F0F-F0D1-4BF9-9DFF-B8D1F12FECFF}.Release|Any CPU.Build.0 = Release|Any CPU
		{4DB63F0F-F0D1-4BF9-9DFF-B8D1F12FECFF}.Release|Any CPU.Deploy.0 = Release|Any CPU
		{DC951342-3E75-4135-877E-2685F2999BA4}.Debug|Any CPU.ActiveCfg = Debug|Any CPU
		{DC951342-3E75-4135-877E-2685F2999BA4}.Debug|Any CPU.Build.0 = Debug|Any CPU
		{DC951342-3E75-4135-877E-2685F2999BA4}.Release|Any CPU.ActiveCfg = Release|Any CPU
		{DC951342-3E75-4135-877E-2685F2999BA4}.Release|Any CPU.Build.0 = Release|Any CPU
		{71C45497-7CC7-4B04-A8B1-70B589922FDF}.Debug|Any CPU.ActiveCfg = Debug|Any CPU
		{71C45497-7CC7-4B04-A8B1-70B589922FDF}.Debug|Any CPU.Build.0 = Debug|Any CPU
		{71C45497-7CC7-4B04-A8B1-70B589922FDF}.Release|Any CPU.ActiveCfg = Release|Any CPU
		{71C45497-7CC7-4B04-A8B1-70B589922FDF}.Release|Any CPU.Build.0 = Release|Any CPU
		{8CDB82AE-77FB-437B-B4D6-BAC69E14CA56}.Debug|Any CPU.ActiveCfg = Debug|Any CPU
		{8CDB82AE-77FB-437B-B4D6-BAC69E14CA56}.Debug|Any CPU.Build.0 = Debug|Any CPU
		{8CDB82AE-77FB-437B-B4D6-BAC69E14CA56}.Release|Any CPU.ActiveCfg = Release|Any CPU
		{8CDB82AE-77FB-437B-B4D6-BAC69E14CA56}.Release|Any CPU.Build.0 = Release|Any CPU
		{FDADD05E-D554-4A2D-BDCE-40BB38D905DA}.Debug|Any CPU.ActiveCfg = Debug|Any CPU
		{FDADD05E-D554-4A2D-BDCE-40BB38D905DA}.Debug|Any CPU.Build.0 = Debug|Any CPU
		{FDADD05E-D554-4A2D-BDCE-40BB38D905DA}.Release|Any CPU.ActiveCfg = Release|Any CPU
		{FDADD05E-D554-4A2D-BDCE-40BB38D905DA}.Release|Any CPU.Build.0 = Release|Any CPU
	EndGlobalSection
	GlobalSection(SolutionProperties) = preSolution
		HideSolutionNode = FALSE
	EndGlobalSection
	GlobalSection(ExtensibilityGlobals) = postSolution
		SolutionGuid = {96AB58F2-17DE-4BC8-95D9-CF7B60FEFB46}
	EndGlobalSection
EndGlobal
